
Microsoft Visual Studio Solution File, Format Version 12.00
Project("{FAE04EC0-301F-11D3-BF4B-00C04F79EFBC}") = "PacketToSQL", "PacketToSQL\PacketToSQL.csproj", "{0D9CD031-B20E-4EF6-84F3-16B311B8FE44}"
EndProject
Global
	GlobalSection(SolutionConfigurationPlatforms) = preSolution
		Debug|Any CPU = Debug|Any CPU
		Release|Any CPU = Release|Any CPU
	EndGlobalSection
	GlobalSection(ProjectConfigurationPlatforms) = postSolution
		{0D9CD031-B20E-4EF6-84F3-16B311B8FE44}.Debug|Any CPU.ActiveCfg = Debug|Any CPU
		{0D9CD031-B20E-4EF6-84F3-16B311B8FE44}.Debug|Any CPU.Build.0 = Debug|Any CPU
		{0D9CD031-B20E-4EF6-84F3-16B311B8FE44}.Release|Any CPU.ActiveCfg = Release|Any CPU
		{0D9CD031-B20E-4EF6-84F3-16B311B8FE44}.Release|Any CPU.Build.0 = Release|Any CPU
	EndGlobalSection
EndGlobal
